
Microsoft Visual Studio Solution File, Format Version 12.00
# Visual Studio Version 16
VisualStudioVersion = 16.0.29905.134
MinimumVisualStudioVersion = 10.0.40219.1
Project("{FAE04EC0-301F-11D3-BF4B-00C04F79EFBC}") = "301Sales", "301Sales.csproj", "{91C55AE1-B699-47BD-B844-77D7074CF2A8}"
EndProject
Global
	GlobalSection(SolutionConfigurationPlatforms) = preSolution
		Debug|Any CPU = Debug|Any CPU
		Release|Any CPU = Release|Any CPU
	EndGlobalSection
	GlobalSection(ProjectConfigurationPlatforms) = postSolution
		{91C55AE1-B699-47BD-B844-77D7074CF2A8}.Debug|Any CPU.ActiveCfg = Debug|Any CPU
		{91C55AE1-B699-47BD-B844-77D7074CF2A8}.Debug|Any CPU.Build.0 = Debug|Any CPU
		{91C55AE1-B699-47BD-B844-77D7074CF2A8}.Release|Any CPU.ActiveCfg = Release|Any CPU
		{91C55AE1-B699-47BD-B844-77D7074CF2A8}.Release|Any CPU.Build.0 = Release|Any CPU
	EndGlobalSection
	GlobalSection(SolutionProperties) = preSolution
		HideSolutionNode = FALSE
	EndGlobalSection
	GlobalSection(ExtensibilityGlobals) = postSolution
		SolutionGuid = {DEB9BBA8-C77B-4717-98A3-5E61BFEED424}
	EndGlobalSection
EndGlobal
