
Microsoft Visual Studio Solution File, Format Version 12.00
# Visual Studio Version 16
VisualStudioVersion = 16.0.30104.148
MinimumVisualStudioVersion = 10.0.40219.1
Project("{8BC9CEB8-8B4A-11D0-8D11-00A0C91BC942}") = "C150Pointers001", "C150Pointers001.vcxproj", "{7C1893A8-0228-433B-BA8E-5664ED7B4DFE}"
EndProject
Global
	GlobalSection(SolutionConfigurationPlatforms) = preSolution
		Debug|x64 = Debug|x64
		Debug|x86 = Debug|x86
		Release|x64 = Release|x64
		Release|x86 = Release|x86
	EndGlobalSection
	GlobalSection(ProjectConfigurationPlatforms) = postSolution
		{7C1893A8-0228-433B-BA8E-5664ED7B4DFE}.Debug|x64.ActiveCfg = Debug|x64
		{7C1893A8-0228-433B-BA8E-5664ED7B4DFE}.Debug|x64.Build.0 = Debug|x64
		{7C1893A8-0228-433B-BA8E-5664ED7B4DFE}.Debug|x86.ActiveCfg = Debug|Win32
		{7C1893A8-0228-433B-BA8E-5664ED7B4DFE}.Debug|x86.Build.0 = Debug|Win32
		{7C1893A8-0228-433B-BA8E-5664ED7B4DFE}.Release|x64.ActiveCfg = Release|x64
		{7C1893A8-0228-433B-BA8E-5664ED7B4DFE}.Release|x64.Build.0 = Release|x64
		{7C1893A8-0228-433B-BA8E-5664ED7B4DFE}.Release|x86.ActiveCfg = Release|Win32
		{7C1893A8-0228-433B-BA8E-5664ED7B4DFE}.Release|x86.Build.0 = Release|Win32
	EndGlobalSection
	GlobalSection(SolutionProperties) = preSolution
		HideSolutionNode = FALSE
	EndGlobalSection
	GlobalSection(ExtensibilityGlobals) = postSolution
		SolutionGuid = {8E88E721-4708-4C94-A192-1F9263B581B5}
	EndGlobalSection
EndGlobal
